schema: '2.0'
stages:
  data_collection:
    cmd: python src/data/data_collection.py
    deps:
    - path: src/data/data_collection.py
      hash: md5
      md5: 9630573971666c58859aa4705924e6b4
      size: 2002
    params:
      params.yaml:
        data_collection.test_size: 0.2
    outs:
    - path: data/raw
      hash: md5
      md5: c0c2d65c14a603e91e029fda3c344a5c.dir
      size: 522262
      nfiles: 2
  pre_preprocessing:
    cmd: python src/data/data_prep.py
    deps:
    - path: data/raw
      hash: md5
      md5: c0c2d65c14a603e91e029fda3c344a5c.dir
      size: 522262
      nfiles: 2
    - path: src/data/data_prep.py
      hash: md5
      md5: 5e7167f07588063b33741d668a3b4c74
      size: 1864
    outs:
    - path: data/processed
      hash: md5
      md5: 09d7d1468d5c1e6739769af7e3154438.dir
      size: 546137
      nfiles: 2
  model_building:
    cmd: python src/model/model_building.py
    deps:
    - path: data/processed
      hash: md5
      md5: 09d7d1468d5c1e6739769af7e3154438.dir
      size: 546137
      nfiles: 2
    - path: src/model/model_building.py
      hash: md5
      md5: abe4e5d1d9a4ece0291f9069db83aac7
      size: 2025
    params:
      params.yaml:
        model_building.n_estimators: 100
    outs:
    - path: models/model.pkl
      hash: md5
      md5: 7d4df16fb6837bf39dca34aa492b8f86
      size: 7372787
  model_eval:
    cmd: python src/model/model_eval.py
    deps:
    - path: models/model.pkl
      hash: md5
      md5: 7d4df16fb6837bf39dca34aa492b8f86
      size: 7372787
    - path: src/model/model_eval.py
      hash: md5
      md5: 648b46aec3b420f6bc392b41fedaef65
      size: 2468
    outs:
    - path: reports/metrics.json
      hash: md5
      md5: ecc2538c1f885e6bdbf9076086dacbcf
      size: 146
